// !$*UTF8*$!
{
	archiveVersion = 1;
	classes = {
	};
	objectVersion = 46;
	objects = {

/* Begin PBXBuildFile section */
		EE65EF751A19DCCA008BFAF5 /* main.c in Sources */ = {isa = PBXBuildFile; fileRef = EE65EF741A19DCCA008BFAF5 /* main.c */; };
		EE65EF7C1A19DE3A008BFAF5 /* mobilebackup2.c in Sources */ = {isa = PBXBuildFile; fileRef = EE65EF7B1A19DE3A008BFAF5 /* mobilebackup2.c */; };
		EE65EF801A19E2FF008BFAF5 /* libprotobuf.a in Frameworks */ = {isa = PBXBuildFile; fileRef = EE65EF7F1A19E2FF008BFAF5 /* libprotobuf.a */; };
		EE65EF851A19E895008BFAF5 /* libplist.a in Frameworks */ = {isa = PBXBuildFile; fileRef = EE65EF841A19E895008BFAF5 /* libplist.a */; };
		EE65EF891A19E92A008BFAF5 /* device_link_service.c in Sources */ = {isa = PBXBuildFile; fileRef = EE65EF881A19E92A008BFAF5 /* device_link_service.c */; };
		EE65EF8C1A19E93E008BFAF5 /* property_list_service.c in Sources */ = {isa = PBXBuildFile; fileRef = EE65EF8A1A19E93E008BFAF5 /* property_list_service.c */; };
		EE65EF8F1A19E977008BFAF5 /* service.c in Sources */ = {isa = PBXBuildFile; fileRef = EE65EF8D1A19E977008BFAF5 /* service.c */; };
		EE65EF921A19E98F008BFAF5 /* idevice.c in Sources */ = {isa = PBXBuildFile; fileRef = EE65EF901A19E98F008BFAF5 /* idevice.c */; };
		EE65EFB21A19F20D008BFAF5 /* debug.c in Sources */ = {isa = PBXBuildFile; fileRef = EE65EFA41A19EADA008BFAF5 /* debug.c */; };
		EE65EFB31A19F20D008BFAF5 /* socket.c in Sources */ = {isa = PBXBuildFile; fileRef = EE65EFA61A19EADA008BFAF5 /* socket.c */; };
		EE65EFB41A19F20D008BFAF5 /* thread.c in Sources */ = {isa = PBXBuildFile; fileRef = EE65EFA81A19EADA008BFAF5 /* thread.c */; };
		EE65EFB51A19F20D008BFAF5 /* userpref.c in Sources */ = {isa = PBXBuildFile; fileRef = EE65EFAA1A19EADA008BFAF5 /* userpref.c */; };
		EE65EFB61A19F20D008BFAF5 /* utils.c in Sources */ = {isa = PBXBuildFile; fileRef = EE65EFAC1A19EADA008BFAF5 /* utils.c */; };
		EE65EFB91A19F379008BFAF5 /* lockdown.c in Sources */ = {isa = PBXBuildFile; fileRef = EE65EFB71A19F379008BFAF5 /* lockdown.c */; };
		EE65EFBC1A19F636008BFAF5 /* libusb-1.0.a in Frameworks */ = {isa = PBXBuildFile; fileRef = EE65EFBB1A19F636008BFAF5 /* libusb-1.0.a */; };
		EE65EFBE1A19F652008BFAF5 /* libusbmuxd.a in Frameworks */ = {isa = PBXBuildFile; fileRef = EE65EFBD1A19F652008BFAF5 /* libusbmuxd.a */; };
		EE65EFC01A1A0B45008BFAF5 /* libssl.a in Frameworks */ = {isa = PBXBuildFile; fileRef = EE65EFBF1A1A0B45008BFAF5 /* libssl.a */; };
		EE65EFC21A1A0B6D008BFAF5 /* libcrypto.a in Frameworks */ = {isa = PBXBuildFile; fileRef = EE65EFC11A1A0B6D008BFAF5 /* libcrypto.a */; };
		EE65EFC51A1A4019008BFAF5 /* afc.c in Sources */ = {isa = PBXBuildFile; fileRef = EE65EFC31A1A4019008BFAF5 /* afc.c */; };
		EE65EFC81A1A4081008BFAF5 /* notification_proxy.c in Sources */ = {isa = PBXBuildFile; fileRef = EE65EFC61A1A4081008BFAF5 /* notification_proxy.c */; };
/* End PBXBuildFile section */

/* Begin PBXCopyFilesBuildPhase section */
		EE65EF6F1A19DCCA008BFAF5 /* CopyFiles */ = {
			isa = PBXCopyFilesBuildPhase;
			buildActionMask = 2147483647;
			dstPath = /usr/share/man/man1/;
			dstSubfolderSpec = 0;
			files = (
			);
			runOnlyForDeploymentPostprocessing = 1;
		};
/* End PBXCopyFilesBuildPhase section */

/* Begin PBXFileReference section */
		EE65EF711A19DCCA008BFAF5 /* MobileBackup */ = {isa = PBXFileReference; explicitFileType = "compiled.mach-o.executable"; includeInIndex = 0; path = MobileBackup; sourceTree = BUILT_PRODUCTS_DIR; };
		EE65EF741A19DCCA008BFAF5 /* main.c */ = {isa = PBXFileReference; lastKnownFileType = sourcecode.c.c; path = main.c; sourceTree = "<group>"; };
		EE65EF7B1A19DE3A008BFAF5 /* mobilebackup2.c */ = {isa = PBXFileReference; fileEncoding = 4; lastKnownFileType = sourcecode.c.c; path = mobilebackup2.c; sourceTree = "<group>"; };
		EE65EF7F1A19E2FF008BFAF5 /* libprotobuf.a */ = {isa = PBXFileReference; lastKnownFileType = archive.ar; name = libprotobuf.a; path = "../../Home/Frameworks/protobuf-2.5.0/protobuf/lib/libprotobuf.a"; sourceTree = "<group>"; };
		EE65EF841A19E895008BFAF5 /* libplist.a */ = {isa = PBXFileReference; lastKnownFileType = archive.ar; name = libplist.a; path = ../../../../../../usr/local/lib/libplist.a; sourceTree = "<group>"; };
		EE65EF861A19E8EA008BFAF5 /* mobilebackup2.h */ = {isa = PBXFileReference; lastKnownFileType = sourcecode.c.h; path = mobilebackup2.h; sourceTree = "<group>"; };
		EE65EF871A19E922008BFAF5 /* device_link_service.h */ = {isa = PBXFileReference; lastKnownFileType = sourcecode.c.h; path = device_link_service.h; sourceTree = "<group>"; };
		EE65EF881A19E92A008BFAF5 /* device_link_service.c */ = {isa = PBXFileReference; fileEncoding = 4; lastKnownFileType = sourcecode.c.c; path = device_link_service.c; sourceTree = "<group>"; };
		EE65EF8A1A19E93E008BFAF5 /* property_list_service.c */ = {isa = PBXFileReference; fileEncoding = 4; lastKnownFileType = sourcecode.c.c; path = property_list_service.c; sourceTree = "<group>"; };
		EE65EF8B1A19E93E008BFAF5 /* property_list_service.h */ = {isa = PBXFileReference; fileEncoding = 4; lastKnownFileType = sourcecode.c.h; path = property_list_service.h; sourceTree = "<group>"; };
		EE65EF8D1A19E977008BFAF5 /* service.c */ = {isa = PBXFileReference; fileEncoding = 4; lastKnownFileType = sourcecode.c.c; path = service.c; sourceTree = "<group>"; };
		EE65EF8E1A19E977008BFAF5 /* service.h */ = {isa = PBXFileReference; fileEncoding = 4; lastKnownFileType = sourcecode.c.h; path = service.h; sourceTree = "<group>"; };
		EE65EF901A19E98F008BFAF5 /* idevice.c */ = {isa = PBXFileReference; fileEncoding = 4; lastKnownFileType = sourcecode.c.c; path = idevice.c; sourceTree = "<group>"; };
		EE65EF911A19E98F008BFAF5 /* idevice.h */ = {isa = PBXFileReference; fileEncoding = 4; lastKnownFileType = sourcecode.c.h; path = idevice.h; sourceTree = "<group>"; };
		EE65EFA41A19EADA008BFAF5 /* debug.c */ = {isa = PBXFileReference; lastKnownFileType = sourcecode.c.c; path = debug.c; sourceTree = "<group>"; };
		EE65EFA51A19EADA008BFAF5 /* debug.h */ = {isa = PBXFileReference; lastKnownFileType = sourcecode.c.h; path = debug.h; sourceTree = "<group>"; };
		EE65EFA61A19EADA008BFAF5 /* socket.c */ = {isa = PBXFileReference; lastKnownFileType = sourcecode.c.c; path = socket.c; sourceTree = "<group>"; };
		EE65EFA71A19EADA008BFAF5 /* socket.h */ = {isa = PBXFileReference; lastKnownFileType = sourcecode.c.h; path = socket.h; sourceTree = "<group>"; };
		EE65EFA81A19EADA008BFAF5 /* thread.c */ = {isa = PBXFileReference; lastKnownFileType = sourcecode.c.c; path = thread.c; sourceTree = "<group>"; };
		EE65EFA91A19EADA008BFAF5 /* thread.h */ = {isa = PBXFileReference; lastKnownFileType = sourcecode.c.h; path = thread.h; sourceTree = "<group>"; };
		EE65EFAA1A19EADA008BFAF5 /* userpref.c */ = {isa = PBXFileReference; lastKnownFileType = sourcecode.c.c; path = userpref.c; sourceTree = "<group>"; };
		EE65EFAB1A19EADA008BFAF5 /* userpref.h */ = {isa = PBXFileReference; lastKnownFileType = sourcecode.c.h; path = userpref.h; sourceTree = "<group>"; };
		EE65EFAC1A19EADA008BFAF5 /* utils.c */ = {isa = PBXFileReference; lastKnownFileType = sourcecode.c.c; path = utils.c; sourceTree = "<group>"; };
		EE65EFAD1A19EADA008BFAF5 /* utils.h */ = {isa = PBXFileReference; lastKnownFileType = sourcecode.c.h; path = utils.h; sourceTree = "<group>"; };
		EE65EFAE1A19EB5E008BFAF5 /* endianness.h */ = {isa = PBXFileReference; lastKnownFileType = sourcecode.c.h; path = endianness.h; sourceTree = "<group>"; };
		EE65EFB71A19F379008BFAF5 /* lockdown.c */ = {isa = PBXFileReference; fileEncoding = 4; lastKnownFileType = sourcecode.c.c; path = lockdown.c; sourceTree = "<group>"; };
		EE65EFB81A19F379008BFAF5 /* lockdown.h */ = {isa = PBXFileReference; fileEncoding = 4; lastKnownFileType = sourcecode.c.h; path = lockdown.h; sourceTree = "<group>"; };
		EE65EFBA1A19F3A2008BFAF5 /* asprintf.h */ = {isa = PBXFileReference; lastKnownFileType = sourcecode.c.h; path = asprintf.h; sourceTree = "<group>"; };
		EE65EFBB1A19F636008BFAF5 /* libusb-1.0.a */ = {isa = PBXFileReference; lastKnownFileType = archive.ar; name = "libusb-1.0.a"; path = "../../../../../../usr/local/lib/libusb-1.0.a"; sourceTree = "<group>"; };
		EE65EFBD1A19F652008BFAF5 /* libusbmuxd.a */ = {isa = PBXFileReference; lastKnownFileType = archive.ar; name = libusbmuxd.a; path = ../../../../../../usr/local/lib/libusbmuxd.a; sourceTree = "<group>"; };
		EE65EFBF1A1A0B45008BFAF5 /* libssl.a */ = {isa = PBXFileReference; lastKnownFileType = archive.ar; name = libssl.a; path = ../../../../../../usr/local/Cellar/openssl/1.0.1f/lib/libssl.a; sourceTree = "<group>"; };
		EE65EFC11A1A0B6D008BFAF5 /* libcrypto.a */ = {isa = PBXFileReference; lastKnownFileType = archive.ar; name = libcrypto.a; path = ../../../../../../usr/local/Cellar/openssl/1.0.1f/lib/libcrypto.a; sourceTree = "<group>"; };
		EE65EFC31A1A4019008BFAF5 /* afc.c */ = {isa = PBXFileReference; fileEncoding = 4; lastKnownFileType = sourcecode.c.c; path = afc.c; sourceTree = "<group>"; };
		EE65EFC41A1A4019008BFAF5 /* afc.h */ = {isa = PBXFileReference; fileEncoding = 4; lastKnownFileType = sourcecode.c.h; path = afc.h; sourceTree = "<group>"; };
		EE65EFC61A1A4081008BFAF5 /* notification_proxy.c */ = {isa = PBXFileReference; fileEncoding = 4; lastKnownFileType = sourcecode.c.c; path = notification_proxy.c; sourceTree = "<group>"; };
		EE65EFC71A1A4081008BFAF5 /* notification_proxy.h */ = {isa = PBXFileReference; fileEncoding = 4; lastKnownFileType = sourcecode.c.h; path = notification_proxy.h; sourceTree = "<group>"; };
		EE804CA11A423F3E00F30EA4 /* df */ = {isa = PBXFileReference; fileEncoding = 4; lastKnownFileType = text; path = df; sourceTree = "<group>"; };
/* End PBXFileReference section */

/* Begin PBXFrameworksBuildPhase section */
		EE65EF6E1A19DCCA008BFAF5 /* Frameworks */ = {
			isa = PBXFrameworksBuildPhase;
			buildActionMask = 2147483647;
			files = (
				EE65EFC21A1A0B6D008BFAF5 /* libcrypto.a in Frameworks */,
				EE65EFC01A1A0B45008BFAF5 /* libssl.a in Frameworks */,
				EE65EFBE1A19F652008BFAF5 /* libusbmuxd.a in Frameworks */,
				EE65EFBC1A19F636008BFAF5 /* libusb-1.0.a in Frameworks */,
				EE65EF851A19E895008BFAF5 /* libplist.a in Frameworks */,
				EE65EF801A19E2FF008BFAF5 /* libprotobuf.a in Frameworks */,
			);
			runOnlyForDeploymentPostprocessing = 0;
		};
/* End PBXFrameworksBuildPhase section */

/* Begin PBXGroup section */
		EE65EF681A19DCCA008BFAF5 = {
			isa = PBXGroup;
			children = (
				EE804CA11A423F3E00F30EA4 /* df */,
				EE65EFC11A1A0B6D008BFAF5 /* libcrypto.a */,
				EE65EFBF1A1A0B45008BFAF5 /* libssl.a */,
				EE65EFBD1A19F652008BFAF5 /* libusbmuxd.a */,
				EE65EFBB1A19F636008BFAF5 /* libusb-1.0.a */,
				EE65EF841A19E895008BFAF5 /* libplist.a */,
				EE65EF7F1A19E2FF008BFAF5 /* libprotobuf.a */,
				EE65EF951A19EADA008BFAF5 /* common */,
				EE65EF731A19DCCA008BFAF5 /* MobileBackup */,
				EE65EF721A19DCCA008BFAF5 /* Products */,
			);
			sourceTree = "<group>";
		};
		EE65EF721A19DCCA008BFAF5 /* Products */ = {
			isa = PBXGroup;
			children = (
				EE65EF711A19DCCA008BFAF5 /* MobileBackup */,
			);
			name = Products;
			sourceTree = "<group>";
		};
		EE65EF731A19DCCA008BFAF5 /* MobileBackup */ = {
			isa = PBXGroup;
			children = (
				EE65EFC31A1A4019008BFAF5 /* afc.c */,
				EE65EFC41A1A4019008BFAF5 /* afc.h */,
				EE65EFC61A1A4081008BFAF5 /* notification_proxy.c */,
				EE65EFC71A1A4081008BFAF5 /* notification_proxy.h */,
				EE65EFAE1A19EB5E008BFAF5 /* endianness.h */,
				EE65EF881A19E92A008BFAF5 /* device_link_service.c */,
				EE65EF901A19E98F008BFAF5 /* idevice.c */,
				EE65EFB71A19F379008BFAF5 /* lockdown.c */,
				EE65EFBA1A19F3A2008BFAF5 /* asprintf.h */,
				EE65EFB81A19F379008BFAF5 /* lockdown.h */,
				EE65EF911A19E98F008BFAF5 /* idevice.h */,
				EE65EF861A19E8EA008BFAF5 /* mobilebackup2.h */,
				EE65EF8D1A19E977008BFAF5 /* service.c */,
				EE65EF8E1A19E977008BFAF5 /* service.h */,
				EE65EF8A1A19E93E008BFAF5 /* property_list_service.c */,
				EE65EF8B1A19E93E008BFAF5 /* property_list_service.h */,
				EE65EF871A19E922008BFAF5 /* device_link_service.h */,
				EE65EF7B1A19DE3A008BFAF5 /* mobilebackup2.c */,
				EE65EF741A19DCCA008BFAF5 /* main.c */,
			);
			path = MobileBackup;
			sourceTree = "<group>";
		};
		EE65EF951A19EADA008BFAF5 /* common */ = {
			isa = PBXGroup;
			children = (
				EE65EFA41A19EADA008BFAF5 /* debug.c */,
				EE65EFA51A19EADA008BFAF5 /* debug.h */,
				EE65EFA61A19EADA008BFAF5 /* socket.c */,
				EE65EFA71A19EADA008BFAF5 /* socket.h */,
				EE65EFA81A19EADA008BFAF5 /* thread.c */,
				EE65EFA91A19EADA008BFAF5 /* thread.h */,
				EE65EFAA1A19EADA008BFAF5 /* userpref.c */,
				EE65EFAB1A19EADA008BFAF5 /* userpref.h */,
				EE65EFAC1A19EADA008BFAF5 /* utils.c */,
				EE65EFAD1A19EADA008BFAF5 /* utils.h */,
			);
			name = common;
			path = MobileBackup/common;
			sourceTree = "<group>";
		};
/* End PBXGroup section */

/* Begin PBXNativeTarget section */
		EE65EF701A19DCCA008BFAF5 /* MobileBackup */ = {
			isa = PBXNativeTarget;
			buildConfigurationList = EE65EF781A19DCCA008BFAF5 /* Build configuration list for PBXNativeTarget "MobileBackup" */;
			buildPhases = (
				EE65EF6D1A19DCCA008BFAF5 /* Sources */,
				EE65EF6E1A19DCCA008BFAF5 /* Frameworks */,
				EE65EF6F1A19DCCA008BFAF5 /* CopyFiles */,
			);
			buildRules = (
			);
			dependencies = (
			);
			name = MobileBackup;
			productName = MobileBackup;
			productReference = EE65EF711A19DCCA008BFAF5 /* MobileBackup */;
			productType = "com.apple.product-type.tool";
		};
/* End PBXNativeTarget section */

/* Begin PBXProject section */
		EE65EF691A19DCCA008BFAF5 /* Project object */ = {
			isa = PBXProject;
			attributes = {
				LastUpgradeCheck = 0610;
				ORGANIZATIONNAME = "Grigory Zubankov";
				TargetAttributes = {
					EE65EF701A19DCCA008BFAF5 = {
						CreatedOnToolsVersion = 6.1;
					};
				};
			};
			buildConfigurationList = EE65EF6C1A19DCCA008BFAF5 /* Build configuration list for PBXProject "MobileBackup" */;
			compatibilityVersion = "Xcode 3.2";
			developmentRegion = English;
			hasScannedForEncodings = 0;
			knownRegions = (
				en,
			);
			mainGroup = EE65EF681A19DCCA008BFAF5;
			productRefGroup = EE65EF721A19DCCA008BFAF5 /* Products */;
			projectDirPath = "";
			projectRoot = "";
			targets = (
				EE65EF701A19DCCA008BFAF5 /* MobileBackup */,
			);
		};
/* End PBXProject section */

/* Begin PBXSourcesBuildPhase section */
		EE65EF6D1A19DCCA008BFAF5 /* Sources */ = {
			isa = PBXSourcesBuildPhase;
			buildActionMask = 2147483647;
			files = (
				EE65EFC51A1A4019008BFAF5 /* afc.c in Sources */,
				EE65EFB91A19F379008BFAF5 /* lockdown.c in Sources */,
				EE65EFB21A19F20D008BFAF5 /* debug.c in Sources */,
				EE65EFB31A19F20D008BFAF5 /* socket.c in Sources */,
				EE65EFB41A19F20D008BFAF5 /* thread.c in Sources */,
				EE65EFB51A19F20D008BFAF5 /* userpref.c in Sources */,
				EE65EFB61A19F20D008BFAF5 /* utils.c in Sources */,
				EE65EFC81A1A4081008BFAF5 /* notification_proxy.c in Sources */,
				EE65EF8C1A19E93E008BFAF5 /* property_list_service.c in Sources */,
				EE65EF891A19E92A008BFAF5 /* device_link_service.c in Sources */,
				EE65EF7C1A19DE3A008BFAF5 /* mobilebackup2.c in Sources */,
				EE65EF8F1A19E977008BFAF5 /* service.c in Sources */,
				EE65EF751A19DCCA008BFAF5 /* main.c in Sources */,
				EE65EF921A19E98F008BFAF5 /* idevice.c in Sources */,
			);
			runOnlyForDeploymentPostprocessing = 0;
		};
/* End PBXSourcesBuildPhase section */

/* Begin XCBuildConfiguration section */
		EE65EF761A19DCCA008BFAF5 /* Debug */ = {
			isa = XCBuildConfiguration;
			buildSettings = {
				ALWAYS_SEARCH_USER_PATHS = YES;
				CLANG_CXX_LANGUAGE_STANDARD = "gnu++0x";
				CLANG_CXX_LIBRARY = "libc++";
				CLANG_ENABLE_MODULES = YES;
				CLANG_ENABLE_OBJC_ARC = YES;
				CLANG_WARN_BOOL_CONVERSION = YES;
				CLANG_WARN_CONSTANT_CONVERSION = YES;
				CLANG_WARN_DIRECT_OBJC_ISA_USAGE = YES_ERROR;
				CLANG_WARN_EMPTY_BODY = YES;
				CLANG_WARN_ENUM_CONVERSION = YES;
				CLANG_WARN_INT_CONVERSION = YES;
				CLANG_WARN_OBJC_ROOT_CLASS = YES_ERROR;
				CLANG_WARN_UNREACHABLE_CODE = YES;
				CLANG_WARN__DUPLICATE_METHOD_MATCH = YES;
				COPY_PHASE_STRIP = NO;
				ENABLE_STRICT_OBJC_MSGSEND = YES;
				GCC_C_LANGUAGE_STANDARD = gnu99;
				GCC_DYNAMIC_NO_PIC = NO;
				GCC_OPTIMIZATION_LEVEL = 0;
				GCC_PREPROCESSOR_DEFINITIONS = (
					"DEBUG=1",
					"$(inherited)",
				);
				GCC_SYMBOLS_PRIVATE_EXTERN = NO;
				GCC_WARN_64_TO_32_BIT_CONVERSION = YES;
				GCC_WARN_ABOUT_RETURN_TYPE = YES_ERROR;
				GCC_WARN_UNDECLARED_SELECTOR = YES;
				GCC_WARN_UNINITIALIZED_AUTOS = YES_AGGRESSIVE;
				GCC_WARN_UNUSED_FUNCTION = YES;
				GCC_WARN_UNUSED_VARIABLE = YES;
				MACOSX_DEPLOYMENT_TARGET = 10.10;
				MTL_ENABLE_DEBUG_INFO = YES;
				ONLY_ACTIVE_ARCH = YES;
				SDKROOT = macosx;
			};
			name = Debug;
		};
		EE65EF771A19DCCA008BFAF5 /* Release */ = {
			isa = XCBuildConfiguration;
			buildSettings = {
				ALWAYS_SEARCH_USER_PATHS = YES;
				CLANG_CXX_LANGUAGE_STANDARD = "gnu++0x";
				CLANG_CXX_LIBRARY = "libc++";
				CLANG_ENABLE_MODULES = YES;
				CLANG_ENABLE_OBJC_ARC = YES;
				CLANG_WARN_BOOL_CONVERSION = YES;
				CLANG_WARN_CONSTANT_CONVERSION = YES;
				CLANG_WARN_DIRECT_OBJC_ISA_USAGE = YES_ERROR;
				CLANG_WARN_EMPTY_BODY = YES;
				CLANG_WARN_ENUM_CONVERSION = YES;
				CLANG_WARN_INT_CONVERSION = YES;
				CLANG_WARN_OBJC_ROOT_CLASS = YES_ERROR;
				CLANG_WARN_UNREACHABLE_CODE = YES;
				CLANG_WARN__DUPLICATE_METHOD_MATCH = YES;
				COPY_PHASE_STRIP = YES;
				DEBUG_INFORMATION_FORMAT = "dwarf-with-dsym";
				ENABLE_NS_ASSERTIONS = NO;
				ENABLE_STRICT_OBJC_MSGSEND = YES;
				GCC_C_LANGUAGE_STANDARD = gnu99;
				GCC_WARN_64_TO_32_BIT_CONVERSION = YES;
				GCC_WARN_ABOUT_RETURN_TYPE = YES_ERROR;
				GCC_WARN_UNDECLARED_SELECTOR = YES;
				GCC_WARN_UNINITIALIZED_AUTOS = YES_AGGRESSIVE;
				GCC_WARN_UNUSED_FUNCTION = YES;
				GCC_WARN_UNUSED_VARIABLE = YES;
				MACOSX_DEPLOYMENT_TARGET = 10.10;
				MTL_ENABLE_DEBUG_INFO = NO;
				SDKROOT = macosx;
			};
			name = Release;
		};
		EE65EF791A19DCCA008BFAF5 /* Debug */ = {
			isa = XCBuildConfiguration;
			buildSettings = {
				GCC_PREPROCESSOR_DEFINITIONS = (
					HAVE_OPENSSL,
					HAVE_STPCPY,
				);
				HEADER_SEARCH_PATHS = (
					"$(inherited)",
					/Applications/Xcode.app/Contents/Developer/Toolchains/XcodeDefault.xctoolchain/usr/include,
					/usr/local/include,
				);
				LIBRARY_SEARCH_PATHS = (
					"$(inherited)",
					"/Users/igreg/Documents/Sandbox/Home/Frameworks/protobuf-2.5.0/protobuf/lib",
					/Users/igreg/Documents/Sandbox/libs,
					/usr/local/Cellar/openssl/1.0.1f/lib,
				);
				OTHER_LDFLAGS = "-L/usr/local/lib";
				PRODUCT_NAME = "$(TARGET_NAME)";
			};
			name = Debug;
		};
		EE65EF7A1A19DCCA008BFAF5 /* Release */ = {
			isa = XCBuildConfiguration;
			buildSettings = {
				GCC_PREPROCESSOR_DEFINITIONS = (
					HAVE_OPENSSL,
					HAVE_STPCPY,
				);
				HEADER_SEARCH_PATHS = (
					"$(inherited)",
					/Applications/Xcode.app/Contents/Developer/Toolchains/XcodeDefault.xctoolchain/usr/include,
					/usr/local/include,
				);
				LIBRARY_SEARCH_PATHS = (
					"$(inherited)",
					"/Users/igreg/Documents/Sandbox/Home/Frameworks/protobuf-2.5.0/protobuf/lib",
					/Users/igreg/Documents/Sandbox/libs,
					/usr/local/Cellar/openssl/1.0.1f/lib,
				);
				OTHER_LDFLAGS = "-L/usr/local/lib";
				PRODUCT_NAME = "$(TARGET_NAME)";
			};
			name = Release;
		};
/* End XCBuildConfiguration section */

/* Begin XCConfigurationList section */
		EE65EF6C1A19DCCA008BFAF5 /* Build configuration list for PBXProject "MobileBackup" */ = {
			isa = XCConfigurationList;
			buildConfigurations = (
				EE65EF761A19DCCA008BFAF5 /* Debug */,
				EE65EF771A19DCCA008BFAF5 /* Release */,
			);
			defaultConfigurationIsVisible = 0;
			defaultConfigurationName = Release;
		};
		EE65EF781A19DCCA008BFAF5 /* Build configuration list for PBXNativeTarget "MobileBackup" */ = {
			isa = XCConfigurationList;
			buildConfigurations = (
				EE65EF791A19DCCA008BFAF5 /* Debug */,
				EE65EF7A1A19DCCA008BFAF5 /* Release */,
			);
			defaultConfigurationIsVisible = 0;
			defaultConfigurationName = Release;
		};
/* End XCConfigurationList section */
	};
	rootObject = EE65EF691A19DCCA008BFAF5 /* Project object */;
}
